// !$*UTF8*$!
{
	archiveVersion = 1;
	classes = {
	};
	objectVersion = 50;
	objects = {

/* Begin PBXBuildFile section */
		299DCE0A2339DE2E00A2AF8D /* AppDelegate.swift in Sources */ = {isa = PBXBuildFile; fileRef = 299DCE092339DE2E00A2AF8D /* AppDelegate.swift */; };
		299DCE0C2339DE2E00A2AF8D /* SceneDelegate.swift in Sources */ = {isa = PBXBuildFile; fileRef = 299DCE0B2339DE2E00A2AF8D /* SceneDelegate.swift */; };
		299DCE0E2339DE2E00A2AF8D /* ContentView.swift in Sources */ = {isa = PBXBuildFile; fileRef = 299DCE0D2339DE2E00A2AF8D /* ContentView.swift */; };
		299DCE102339DE3300A2AF8D /* Assets.xcassets in Resources */ = {isa = PBXBuildFile; fileRef = 299DCE0F2339DE3300A2AF8D /* Assets.xcassets */; };
		299DCE132339DE3300A2AF8D /* Preview Assets.xcassets in Resources */ = {isa = PBXBuildFile; fileRef = 299DCE122339DE3300A2AF8D /* Preview Assets.xcassets */; };
		299DCE162339DE3300A2AF8D /* LaunchScreen.storyboard in Resources */ = {isa = PBXBuildFile; fileRef = 299DCE142339DE3300A2AF8D /* LaunchScreen.storyboard */; };
/* End PBXBuildFile section */

/* Begin PBXFileReference section */
		299DCE062339DE2E00A2AF8D /* SwiftuiExample.app */ = {isa = PBXFileReference; explicitFileType = wrapper.application; includeInIndex = 0; path = SwiftuiExample.app; sourceTree = BUILT_PRODUCTS_DIR; };
		299DCE092339DE2E00A2AF8D /* AppDelegate.swift */ = {isa = PBXFileReference; lastKnownFileType = sourcecode.swift; path = AppDelegate.swift; sourceTree = "<group>"; };
		299DCE0B2339DE2E00A2AF8D /* SceneDelegate.swift */ = {isa = PBXFileReference; lastKnownFileType = sourcecode.swift; path = SceneDelegate.swift; sourceTree = "<group>"; };
		299DCE0D2339DE2E00A2AF8D /* ContentView.swift */ = {isa = PBXFileReference; lastKnownFileType = sourcecode.swift; path = ContentView.swift; sourceTree = "<group>"; };
		299DCE0F2339DE3300A2AF8D /* Assets.xcassets */ = {isa = PBXFileReference; lastKnownFileType = folder.assetcatalog; path = Assets.xcassets; sourceTree = "<group>"; };
		299DCE122339DE3300A2AF8D /* Preview Assets.xcassets */ = {isa = PBXFileReference; lastKnownFileType = folder.assetcatalog; path = "Preview Assets.xcassets"; sourceTree = "<group>"; };
		299DCE152339DE3300A2AF8D /* Base */ = {isa = PBXFileReference; lastKnownFileType = file.storyboard; name = Base; path = Base.lproj/LaunchScreen.storyboard; sourceTree = "<group>"; };
		299DCE172339DE3300A2AF8D /* Info.plist */ = {isa = PBXFileReference; lastKnownFileType = text.plist.xml; path = Info.plist; sourceTree = "<group>"; };
/* End PBXFileReference section */

/* Begin PBXFrameworksBuildPhase section */
		299DCE032339DE2E00A2AF8D /* Frameworks */ = {
			isa = PBXFrameworksBuildPhase;
			buildActionMask = 2147483647;
			files = (
			);
			runOnlyForDeploymentPostprocessing = 0;
		};
/* End PBXFrameworksBuildPhase section */

/* Begin PBXGroup section */
		299DCDFD2339DE2E00A2AF8D = {
			isa = PBXGroup;
			children = (
				299DCE082339DE2E00A2AF8D /* SwiftuiExample */,
				299DCE072339DE2E00A2AF8D /* Products */,
			);
			sourceTree = "<group>";
		};
		299DCE072339DE2E00A2AF8D /* Products */ = {
			isa = PBXGroup;
			children = (
				299DCE062339DE2E00A2AF8D /* SwiftuiExample.app */,
			);
			name = Products;
			sourceTree = "<group>";
		};
		299DCE082339DE2E00A2AF8D /* SwiftuiExample */ = {
			isa = PBXGroup;
			children = (
				299DCE092339DE2E00A2AF8D /* AppDelegate.swift */,
				299DCE0B2339DE2E00A2AF8D /* SceneDelegate.swift */,
				299DCE0D2339DE2E00A2AF8D /* ContentView.swift */,
				299DCE0F2339DE3300A2AF8D /* Assets.xcassets */,
				299DCE142339DE3300A2AF8D /* LaunchScreen.storyboard */,
				299DCE172339DE3300A2AF8D /* Info.plist */,
				299DCE112339DE3300A2AF8D /* Preview Content */,
			);
			path = SwiftuiExample;
			sourceTree = "<group>";
		};
		299DCE112339DE3300A2AF8D /* Preview Content */ = {
			isa = PBXGroup;
			children = (
				299DCE122339DE3300A2AF8D /* Preview Assets.xcassets */,
			);
			path = "Preview Content";
			sourceTree = "<group>";
		};
/* End PBXGroup section */

/* Begin PBXNativeTarget section */
		299DCE052339DE2E00A2AF8D /* SwiftuiExample */ = {
			isa = PBXNativeTarget;
			buildConfigurationList = 299DCE1A2339DE3300A2AF8D /* Build configuration list for PBXNativeTarget "SwiftuiExample" */;
			buildPhases = (
				299DCE022339DE2E00A2AF8D /* Sources */,
				299DCE032339DE2E00A2AF8D /* Frameworks */,
				299DCE042339DE2E00A2AF8D /* Resources */,
			);
			buildRules = (
			);
			dependencies = (
			);
			name = SwiftuiExample;
			productName = SwiftuiExample;
			productReference = 299DCE062339DE2E00A2AF8D /* SwiftuiExample.app */;
			productType = "com.apple.product-type.application";
		};
/* End PBXNativeTarget section */

/* Begin PBXProject section */
		299DCDFE2339DE2E00A2AF8D /* Project object */ = {
			isa = PBXProject;
			attributes = {
				LastSwiftUpdateCheck = 1100;
				LastUpgradeCheck = 1100;
				ORGANIZATIONNAME = "Karthikeyan A.";
				TargetAttributes = {
					299DCE052339DE2E00A2AF8D = {
						CreatedOnToolsVersion = 11.0;
					};
				};
			};
			buildConfigurationList = 299DCE012339DE2E00A2AF8D /* Build configuration list for PBXProject "SwiftuiExample" */;
			compatibilityVersion = "Xcode 9.3";
			developmentRegion = en;
			hasScannedForEncodings = 0;
			knownRegions = (
				en,
				Base,
			);
			mainGroup = 299DCDFD2339DE2E00A2AF8D;
			productRefGroup = 299DCE072339DE2E00A2AF8D /* Products */;
			projectDirPath = "";
			projectRoot = "";
			targets = (
				299DCE052339DE2E00A2AF8D /* SwiftuiExample */,
			);
		};
/* End PBXProject section */

/* Begin PBXResourcesBuildPhase section */
		299DCE042339DE2E00A2AF8D /* Resources */ = {
			isa = PBXResourcesBuildPhase;
			buildActionMask = 2147483647;
			files = (
				299DCE162339DE3300A2AF8D /* LaunchScreen.storyboard in Resources */,
				299DCE132339DE3300A2AF8D /* Preview Assets.xcassets in Resources */,
				299DCE102339DE3300A2AF8D /* Assets.xcassets in Resources */,
			);
			runOnlyForDeploymentPostprocessing = 0;
		};
/* End PBXResourcesBuildPhase section */

/* Begin PBXSourcesBuildPhase section */
		299DCE022339DE2E00A2AF8D /* Sources */ = {
			isa = PBXSourcesBuildPhase;
			buildActionMask = 2147483647;
			files = (
				299DCE0A2339DE2E00A2AF8D /* AppDelegate.swift in Sources */,
				299DCE0C2339DE2E00A2AF8D /* SceneDelegate.swift in Sources */,
				299DCE0E2339DE2E00A2AF8D /* ContentView.swift in Sources */,
			);
			runOnlyForDeploymentPostprocessing = 0;
		};
/* End PBXSourcesBuildPhase section */

/* Begin PBXVariantGroup section */
		299DCE142339DE3300A2AF8D /* LaunchScreen.storyboard */ = {
			isa = PBXVariantGroup;
			children = (
				299DCE152339DE3300A2AF8D /* Base */,
			);
			name = LaunchScreen.storyboard;
			sourceTree = "<group>";
		};
/* End PBXVariantGroup section */

/* Begin XCBuildConfiguration section */
		299DCE182339DE3300A2AF8D /* Debug */ = {
			isa = XCBuildConfiguration;
			buildSettings = {
				ALWAYS_SEARCH_USER_PATHS = NO;
				CLANG_ANALYZER_NONNULL = YES;
				CLANG_ANALYZER_NUMBER_OBJECT_CONVERSION = YES_AGGRESSIVE;
				CLANG_CXX_LANGUAGE_STANDARD = "gnu++14";
				CLANG_CXX_LIBRARY = "libc++";
				CLANG_ENABLE_MODULES = YES;
				CLANG_ENABLE_OBJC_ARC = YES;
				CLANG_ENABLE_OBJC_WEAK = YES;
				CLANG_WARN_BLOCK_CAPTURE_AUTORELEASING = YES;
				CLANG_WARN_BOOL_CONVERSION = YES;
				CLANG_WARN_COMMA = YES;
				CLANG_WARN_CONSTANT_CONVERSION = YES;
				CLANG_WARN_DEPRECATED_OBJC_IMPLEMENTATIONS = YES;
				CLANG_WARN_DIRECT_OBJC_ISA_USAGE = YES_ERROR;
				CLANG_WARN_DOCUMENTATION_COMMENTS = YES;
				CLANG_WARN_EMPTY_BODY = YES;
				CLANG_WARN_ENUM_CONVERSION = YES;
				CLANG_WARN_INFINITE_RECURSION = YES;
				CLANG_WARN_INT_CONVERSION = YES;
				CLANG_WARN_NON_LITERAL_NULL_CONVERSION = YES;
				CLANG_WARN_OBJC_IMPLICIT_RETAIN_SELF = YES;
				CLANG_WARN_OBJC_LITERAL_CONVERSION = YES;
				CLANG_WARN_OBJC_ROOT_CLASS = YES_ERROR;
				CLANG_WARN_RANGE_LOOP_ANALYSIS = YES;
				CLANG_WARN_STRICT_PROTOTYPES = YES;
				CLANG_WARN_SUSPICIOUS_MOVE = YES;
				CLANG_WARN_UNGUARDED_AVAILABILITY = YES_AGGRESSIVE;
				CLANG_WARN_UNREACHABLE_CODE = YES;
				CLANG_WARN__DUPLICATE_METHOD_MATCH = YES;
				COPY_PHASE_STRIP = NO;
				DEBUG_INFORMATION_FORMAT = dwarf;
				ENABLE_STRICT_OBJC_MSGSEND = YES;
				ENABLE_TESTABILITY = YES;
				GCC_C_LANGUAGE_STANDARD = gnu11;
				GCC_DYNAMIC_NO_PIC = NO;
				GCC_NO_COMMON_BLOCKS = YES;
				GCC_OPTIMIZATION_LEVEL = 0;
				GCC_PREPROCESSOR_DEFINITIONS = (
					"DEBUG=1",
					"$(inherited)",
				);
				GCC_WARN_64_TO_32_BIT_CONVERSION = YES;
				GCC_WARN_ABOUT_RETURN_TYPE = YES_ERROR;
				GCC_WARN_UNDECLARED_SELECTOR = YES;
				GCC_WARN_UNINITIALIZED_AUTOS = YES_AGGRESSIVE;
				GCC_WARN_UNUSED_FUNCTION = YES;
				GCC_WARN_UNUSED_VARIABLE = YES;
				IPHONEOS_DEPLOYMENT_TARGET = 13.0;
				MTL_ENABLE_DEBUG_INFO = INCLUDE_SOURCE;
				MTL_FAST_MATH = YES;
				ONLY_ACTIVE_ARCH = YES;
				SDKROOT = iphoneos;
				SWIFT_ACTIVE_COMPILATION_CONDITIONS = DEBUG;
				SWIFT_OPTIMIZATION_LEVEL = "-Onone";
			};
			name = Debug;
		};
		299DCE192339DE3300A2AF8D /* Release */ = {
			isa = XCBuildConfiguration;
			buildSettings = {
				ALWAYS_SEARCH_USER_PATHS = NO;
				CLANG_ANALYZER_NONNULL = YES;
				CLANG_ANALYZER_NUMBER_OBJECT_CONVERSION = YES_AGGRESSIVE;
				CLANG_CXX_LANGUAGE_STANDARD = "gnu++14";
				CLANG_CXX_LIBRARY = "libc++";
				CLANG_ENABLE_MODULES = YES;
				CLANG_ENABLE_OBJC_ARC = YES;
				CLANG_ENABLE_OBJC_WEAK = YES;
				CLANG_WARN_BLOCK_CAPTURE_AUTORELEASING = YES;
				CLANG_WARN_BOOL_CONVERSION = YES;
				CLANG_WARN_COMMA = YES;
				CLANG_WARN_CONSTANT_CONVERSION = YES;
				CLANG_WARN_DEPRECATED_OBJC_IMPLEMENTATIONS = YES;
				CLANG_WARN_DIRECT_OBJC_ISA_USAGE = YES_ERROR;
				CLANG_WARN_DOCUMENTATION_COMMENTS = YES;
				CLANG_WARN_EMPTY_BODY = YES;
				CLANG_WARN_ENUM_CONVERSION = YES;
				CLANG_WARN_INFINITE_RECURSION = YES;
				CLANG_WARN_INT_CONVERSION = YES;
				CLANG_WARN_NON_LITERAL_NULL_CONVERSION = YES;
				CLANG_WARN_OBJC_IMPLICIT_RETAIN_SELF = YES;
				CLANG_WARN_OBJC_LITERAL_CONVERSION = YES;
				CLANG_WARN_OBJC_ROOT_CLASS = YES_ERROR;
				CLANG_WARN_RANGE_LOOP_ANALYSIS = YES;
				CLANG_WARN_STRICT_PROTOTYPES = YES;
				CLANG_WARN_SUSPICIOUS_MOVE = YES;
				CLANG_WARN_UNGUARDED_AVAILABILITY = YES_AGGRESSIVE;
				CLANG_WARN_UNREACHABLE_CODE = YES;
				CLANG_WARN__DUPLICATE_METHOD_MATCH = YES;
				COPY_PHASE_STRIP = NO;
				DEBUG_INFORMATION_FORMAT = "dwarf-with-dsym";
				ENABLE_NS_ASSERTIONS = NO;
				ENABLE_STRICT_OBJC_MSGSEND = YES;
				GCC_C_LANGUAGE_STANDARD = gnu11;
				GCC_NO_COMMON_BLOCKS = YES;
				GCC_WARN_64_TO_32_BIT_CONVERSION = YES;
				GCC_WARN_ABOUT_RETURN_TYPE = YES_ERROR;
				GCC_WARN_UNDECLARED_SELECTOR = YES;
				GCC_WARN_UNINITIALIZED_AUTOS = YES_AGGRESSIVE;
				GCC_WARN_UNUSED_FUNCTION = YES;
				GCC_WARN_UNUSED_VARIABLE = YES;
				IPHONEOS_DEPLOYMENT_TARGET = 13.0;
				MTL_ENABLE_DEBUG_INFO = NO;
				MTL_FAST_MATH = YES;
				SDKROOT = iphoneos;
				SWIFT_COMPILATION_MODE = wholemodule;
				SWIFT_OPTIMIZATION_LEVEL = "-O";
				VALIDATE_PRODUCT = YES;
			};
			name = Release;
		};
		299DCE1B2339DE3300A2AF8D /* Debug */ = {
			isa = XCBuildConfiguration;
			buildSettings = {
				ASSETCATALOG_COMPILER_APPICON_NAME = AppIcon;
				CODE_SIGN_STYLE = Automatic;
				DEVELOPMENT_ASSET_PATHS = "\"SwiftuiExample/Preview Content\"";
				DEVELOPMENT_TEAM = 36WS3V8BY4;
				ENABLE_PREVIEWS = YES;
				INFOPLIST_FILE = SwiftuiExample/Info.plist;
				LD_RUNPATH_SEARCH_PATHS = (
					"$(inherited)",
					"@executable_path/Frameworks",
				);
				PRODUCT_BUNDLE_IDENTIFIER = Anbu.karthik.SwiftuiExample;
				PRODUCT_NAME = "$(TARGET_NAME)";
				SWIFT_VERSION = 5.0;
				TARGETED_DEVICE_FAMILY = "1,2";
			};
			name = Debug;
		};
		299DCE1C2339DE3300A2AF8D /* Release */ = {
			isa = XCBuildConfiguration;
			buildSettings = {
				ASSETCATALOG_COMPILER_APPICON_NAME = AppIcon;
				CODE_SIGN_STYLE = Automatic;
				DEVELOPMENT_ASSET_PATHS = "\"SwiftuiExample/Preview Content\"";
				DEVELOPMENT_TEAM = 36WS3V8BY4;
				ENABLE_PREVIEWS = YES;
				INFOPLIST_FILE = SwiftuiExample/Info.plist;
				LD_RUNPATH_SEARCH_PATHS = (
					"$(inherited)",
					"@executable_path/Frameworks",
				);
				PRODUCT_BUNDLE_IDENTIFIER = Anbu.karthik.SwiftuiExample;
				PRODUCT_NAME = "$(TARGET_NAME)";
				SWIFT_VERSION = 5.0;
				TARGETED_DEVICE_FAMILY = "1,2";
			};
			name = Release;
		};
/* End XCBuildConfiguration section */

/* Begin XCConfigurationList section */
		299DCE012339DE2E00A2AF8D /* Build configuration list for PBXProject "SwiftuiExample" */ = {
			isa = XCConfigurationList;
			buildConfigurations = (
				299DCE182339DE3300A2AF8D /* Debug */,
				299DCE192339DE3300A2AF8D /* Release */,
			);
			defaultConfigurationIsVisible = 0;
			defaultConfigurationName = Release;
		};
		299DCE1A2339DE3300A2AF8D /* Build configuration list for PBXNativeTarget "SwiftuiExample" */ = {
			isa = XCConfigurationList;
			buildConfigurations = (
				299DCE1B2339DE3300A2AF8D /* Debug */,
				299DCE1C2339DE3300A2AF8D /* Release */,
			);
			defaultConfigurationIsVisible = 0;
			defaultConfigurationName = Release;
		};
/* End XCConfigurationList section */
	};
	rootObject = 299DCDFE2339DE2E00A2AF8D /* Project object */;
}
